
Microsoft Visual Studio Solution File, Format Version 12.00
# Visual Studio Version 16
VisualStudioVersion = 16.0.30114.105
MinimumVisualStudioVersion = 10.0.40219.1
Project("{F2A71F9B-5D33-465A-A702-920D77279786}") = "App", "App\App.fsproj", "{99917C34-2818-4165-96EC-3066EC205A89}"
EndProject
Project("{2150E333-8FDC-42A3-9474-1A3956D46DE8}") = "Solution Items", "Solution Items", "{5FA02404-551D-442F-90AC-9DA6E3A22CED}"
	ProjectSection(SolutionItems) = preProject
		..\.config\dotnet-tools.json = ..\.config\dotnet-tools.json
		..\.gitignore = ..\.gitignore
		..\README.md = ..\README.md
		..\.editorconfig = ..\.editorconfig
	EndProjectSection
EndProject
Global
	GlobalSection(SolutionConfigurationPlatforms) = preSolution
		Debug|Any CPU = Debug|Any CPU
		Release|Any CPU = Release|Any CPU
	EndGlobalSection
	GlobalSection(SolutionProperties) = preSolution
		HideSolutionNode = FALSE
	EndGlobalSection
	GlobalSection(ProjectConfigurationPlatforms) = postSolution
		{99917C34-2818-4165-96EC-3066EC205A89}.Debug|Any CPU.ActiveCfg = Debug|Any CPU
		{99917C34-2818-4165-96EC-3066EC205A89}.Debug|Any CPU.Build.0 = Debug|Any CPU
		{99917C34-2818-4165-96EC-3066EC205A89}.Release|Any CPU.ActiveCfg = Release|Any CPU
		{99917C34-2818-4165-96EC-3066EC205A89}.Release|Any CPU.Build.0 = Release|Any CPU
	EndGlobalSection
EndGlobal
